
Microsoft Visual Studio Solution File, Format Version 12.00
# Visual Studio Version 16
VisualStudioVersion = 16.0.31702.278
MinimumVisualStudioVersion = 10.0.40219.1
Project("{9A19103F-16F7-4668-BE54-9A1E7A4F7556}") = "API_Lic", "API_Lic\API_Lic.csproj", "{17F44C63-39FD-4F84-9584-91AAF8867D6E}"
EndProject
Project("{FAE04EC0-301F-11D3-BF4B-00C04F79EFBC}") = "Restaurant_Client.Android", "Restaurant_Client\Restaurant_Client.Android\Restaurant_Client.Android.csproj", "{FEFFDE60-15CB-4BB0-B3C6-A803DC759786}"
EndProject
Project("{FAE04EC0-301F-11D3-BF4B-00C04F79EFBC}") = "Restaurant_Client", "Restaurant_Client\Restaurant_Client\Restaurant_Client.csproj", "{2AA78FAF-D8F7-490A-A1DD-2829E4D687A9}"
EndProject
Global
	GlobalSection(SolutionConfigurationPlatforms) = preSolution
		Debug|Any CPU = Debug|Any CPU
		Release|Any CPU = Release|Any CPU
	EndGlobalSection
	GlobalSection(ProjectConfigurationPlatforms) = postSolution
		{17F44C63-39FD-4F84-9584-91AAF8867D6E}.Debug|Any CPU.ActiveCfg = Debug|Any CPU
		{17F44C63-39FD-4F84-9584-91AAF8867D6E}.Debug|Any CPU.Build.0 = Debug|Any CPU
		{17F44C63-39FD-4F84-9584-91AAF8867D6E}.Release|Any CPU.ActiveCfg = Release|Any CPU
		{17F44C63-39FD-4F84-9584-91AAF8867D6E}.Release|Any CPU.Build.0 = Release|Any CPU
		{FEFFDE60-15CB-4BB0-B3C6-A803DC759786}.Debug|Any CPU.ActiveCfg = Debug|Any CPU
		{FEFFDE60-15CB-4BB0-B3C6-A803DC759786}.Debug|Any CPU.Build.0 = Debug|Any CPU
		{FEFFDE60-15CB-4BB0-B3C6-A803DC759786}.Debug|Any CPU.Deploy.0 = Debug|Any CPU
		{FEFFDE60-15CB-4BB0-B3C6-A803DC759786}.Release|Any CPU.ActiveCfg = Release|Any CPU
		{FEFFDE60-15CB-4BB0-B3C6-A803DC759786}.Release|Any CPU.Build.0 = Release|Any CPU
		{FEFFDE60-15CB-4BB0-B3C6-A803DC759786}.Release|Any CPU.Deploy.0 = Release|Any CPU
		{2AA78FAF-D8F7-490A-A1DD-2829E4D687A9}.Debug|Any CPU.ActiveCfg = Debug|Any CPU
		{2AA78FAF-D8F7-490A-A1DD-2829E4D687A9}.Debug|Any CPU.Build.0 = Debug|Any CPU
		{2AA78FAF-D8F7-490A-A1DD-2829E4D687A9}.Release|Any CPU.ActiveCfg = Release|Any CPU
		{2AA78FAF-D8F7-490A-A1DD-2829E4D687A9}.Release|Any CPU.Build.0 = Release|Any CPU
	EndGlobalSection
	GlobalSection(SolutionProperties) = preSolution
		HideSolutionNode = FALSE
	EndGlobalSection
	GlobalSection(ExtensibilityGlobals) = postSolution
		SolutionGuid = {1E11ABD4-EF91-47DB-A2EA-D3EF1739FA88}
	EndGlobalSection
EndGlobal
